Microsoft Visual Studio Solution File, Format Version 12.00
# Visual Studio Version 17
VisualStudioVersion = 17.5.2.0
MinimumVisualStudioVersion = 10.0.40219.1
Project("{FAE04EC0-301F-11D3-BF4B-00C04F79EFBC}") = "00 file toevoegen", "00 file toevoegen\00 file toevoegen.csproj", "{7526ED4A-C94B-9E0F-B8B8-274A7687300C}"
EndProject
Global
	GlobalSection(SolutionConfigurationPlatforms) = preSolution
		Debug|Any CPU = Debug|Any CPU
		Release|Any CPU = Release|Any CPU
	EndGlobalSection
	GlobalSection(ProjectConfigurationPlatforms) = postSolution
		{7526ED4A-C94B-9E0F-B8B8-274A7687300C}.Debug|Any CPU.ActiveCfg = Debug|Any CPU
		{7526ED4A-C94B-9E0F-B8B8-274A7687300C}.Debug|Any CPU.Build.0 = Debug|Any CPU
		{7526ED4A-C94B-9E0F-B8B8-274A7687300C}.Release|Any CPU.ActiveCfg = Release|Any CPU
		{7526ED4A-C94B-9E0F-B8B8-274A7687300C}.Release|Any CPU.Build.0 = Release|Any CPU
	EndGlobalSection
	GlobalSection(SolutionProperties) = preSolution
		HideSolutionNode = FALSE
	EndGlobalSection
	GlobalSection(ExtensibilityGlobals) = postSolution
		SolutionGuid = {3F3D9E73-6D63-470D-BACF-12F157E214B2}
	EndGlobalSection
EndGlobal
